// !$*UTF8*$!
{
	archiveVersion = 1;
	classes = {
	};
	objectVersion = 77;
	objects = {

/* Begin PBXBuildFile section */
		EB2A38162D5BFCAC00D63975 /* RealityKitContent in Frameworks */ = {isa = PBXBuildFile; productRef = EB2A38152D5BFCAC00D63975 /* RealityKitContent */; };
/* End PBXBuildFile section */

/* Begin PBXContainerItemProxy section */
		EB2A38262D5BFCB400D63975 /* PBXContainerItemProxy */ = {
			isa = PBXContainerItemProxy;
			containerPortal = EB2A38082D5BFCAC00D63975 /* Project object */;
			proxyType = 1;
			remoteGlobalIDString = EB2A380F2D5BFCAC00D63975;
			remoteInfo = "Draggable 3D Sphere VisionOS";
		};
/* End PBXContainerItemProxy section */

/* Begin PBXFileReference section */
		EB2A38102D5BFCAC00D63975 /* Draggable 3D Sphere VisionOS.app */ = {isa = PBXFileReference; explicitFileType = wrapper.application; includeInIndex = 0; path = "Draggable 3D Sphere VisionOS.app"; sourceTree = BUILT_PRODUCTS_DIR; };
		EB2A38142D5BFCAC00D63975 /* RealityKitContent */ = {isa = PBXFileReference; lastKnownFileType = wrapper; path = RealityKitContent; sourceTree = "<group>"; };
		EB2A38252D5BFCB400D63975 /* Draggable 3D Sphere VisionOSTests.xctest */ = {isa = PBXFileReference; explicitFileType = wrapper.cfbundle; includeInIndex = 0; path = "Draggable 3D Sphere VisionOSTests.xctest"; sourceTree = BUILT_PRODUCTS_DIR; };
/* End PBXFileReference section */

/* Begin PBXFileSystemSynchronizedBuildFileExceptionSet section */
		EB2A382B2D5BFCB400D63975 /* Exceptions for "Draggable 3D Sphere VisionOS" folder in "Draggable 3D Sphere VisionOS" target */ = {
			isa = PBXFileSystemSynchronizedBuildFileExceptionSet;
			membershipExceptions = (
				Info.plist,
			);
			target = EB2A380F2D5BFCAC00D63975 /* Draggable 3D Sphere VisionOS */;
		};
/* End PBXFileSystemSynchronizedBuildFileExceptionSet section */

/* Begin PBXFileSystemSynchronizedRootGroup section */
		EB2A38122D5BFCAC00D63975 /* Draggable 3D Sphere VisionOS */ = {
			isa = PBXFileSystemSynchronizedRootGroup;
			exceptions = (
				EB2A382B2D5BFCB400D63975 /* Exceptions for "Draggable 3D Sphere VisionOS" folder in "Draggable 3D Sphere VisionOS" target */,
			);
			path = "Draggable 3D Sphere VisionOS";
			sourceTree = "<group>";
		};
		EB2A38282D5BFCB400D63975 /* Draggable 3D Sphere VisionOSTests */ = {
			isa = PBXFileSystemSynchronizedRootGroup;
			path = "Draggable 3D Sphere VisionOSTests";
			sourceTree = "<group>";
		};
/* End PBXFileSystemSynchronizedRootGroup section */

/* Begin PBXFrameworksBuildPhase section */
		EB2A380D2D5BFCAC00D63975 /* Frameworks */ = {
			isa = PBXFrameworksBuildPhase;
			buildActionMask = 2147483647;
			files = (
				EB2A38162D5BFCAC00D63975 /* RealityKitContent in Frameworks */,
			);
			runOnlyForDeploymentPostprocessing = 0;
		};
		EB2A38222D5BFCB400D63975 /* Frameworks */ = {
			isa = PBXFrameworksBuildPhase;
			buildActionMask = 2147483647;
			files = (
			);
			runOnlyForDeploymentPostprocessing = 0;
		};
/* End PBXFrameworksBuildPhase section */

/* Begin PBXGroup section */
		EB2A38072D5BFCAC00D63975 = {
			isa = PBXGroup;
			children = (
				EB2A38122D5BFCAC00D63975 /* Draggable 3D Sphere VisionOS */,
				EB2A38132D5BFCAC00D63975 /* Packages */,
				EB2A38282D5BFCB400D63975 /* Draggable 3D Sphere VisionOSTests */,
				EB2A38112D5BFCAC00D63975 /* Products */,
			);
			sourceTree = "<group>";
		};
		EB2A38112D5BFCAC00D63975 /* Products */ = {
			isa = PBXGroup;
			children = (
				EB2A38102D5BFCAC00D63975 /* Draggable 3D Sphere VisionOS.app */,
				EB2A38252D5BFCB400D63975 /* Draggable 3D Sphere VisionOSTests.xctest */,
			);
			name = Products;
			sourceTree = "<group>";
		};
		EB2A38132D5BFCAC00D63975 /* Packages */ = {
			isa = PBXGroup;
			children = (
				EB2A38142D5BFCAC00D63975 /* RealityKitContent */,
			);
			path = Packages;
			sourceTree = "<group>";
		};
/* End PBXGroup section */

/* Begin PBXNativeTarget section */
		EB2A380F2D5BFCAC00D63975 /* Draggable 3D Sphere VisionOS */ = {
			isa = PBXNativeTarget;
			buildConfigurationList = EB2A382C2D5BFCB400D63975 /* Build configuration list for PBXNativeTarget "Draggable 3D Sphere VisionOS" */;
			buildPhases = (
				EB2A380C2D5BFCAC00D63975 /* Sources */,
				EB2A380D2D5BFCAC00D63975 /* Frameworks */,
				EB2A380E2D5BFCAC00D63975 /* Resources */,
			);
			buildRules = (
			);
			dependencies = (
			);
			fileSystemSynchronizedGroups = (
				EB2A38122D5BFCAC00D63975 /* Draggable 3D Sphere VisionOS */,
			);
			name = "Draggable 3D Sphere VisionOS";
			packageProductDependencies = (
				EB2A38152D5BFCAC00D63975 /* RealityKitContent */,
			);
			productName = "Draggable 3D Sphere VisionOS";
			productReference = EB2A38102D5BFCAC00D63975 /* Draggable 3D Sphere VisionOS.app */;
			productType = "com.apple.product-type.application";
		};
		EB2A38242D5BFCB400D63975 /* Draggable 3D Sphere VisionOSTests */ = {
			isa = PBXNativeTarget;
			buildConfigurationList = EB2A38312D5BFCB400D63975 /* Build configuration list for PBXNativeTarget "Draggable 3D Sphere VisionOSTests" */;
			buildPhases = (
				EB2A38212D5BFCB400D63975 /* Sources */,
				EB2A38222D5BFCB400D63975 /* Frameworks */,
				EB2A38232D5BFCB400D63975 /* Resources */,
			);
			buildRules = (
			);
			dependencies = (
				EB2A38272D5BFCB400D63975 /* PBXTargetDependency */,
			);
			fileSystemSynchronizedGroups = (
				EB2A38282D5BFCB400D63975 /* Draggable 3D Sphere VisionOSTests */,
			);
			name = "Draggable 3D Sphere VisionOSTests";
			packageProductDependencies = (
			);
			productName = "Draggable 3D Sphere VisionOSTests";
			productReference = EB2A38252D5BFCB400D63975 /* Draggable 3D Sphere VisionOSTests.xctest */;
			productType = "com.apple.product-type.bundle.unit-test";
		};
/* End PBXNativeTarget section */

/* Begin PBXProject section */
		EB2A38082D5BFCAC00D63975 /* Project object */ = {
			isa = PBXProject;
			attributes = {
				BuildIndependentTargetsInParallel = 1;
				LastSwiftUpdateCheck = 1620;
				LastUpgradeCheck = 1620;
				TargetAttributes = {
					EB2A380F2D5BFCAC00D63975 = {
						CreatedOnToolsVersion = 16.2;
					};
					EB2A38242D5BFCB400D63975 = {
						CreatedOnToolsVersion = 16.2;
						TestTargetID = EB2A380F2D5BFCAC00D63975;
					};
				};
			};
			buildConfigurationList = EB2A380B2D5BFCAC00D63975 /* Build configuration list for PBXProject "Draggable 3D Sphere VisionOS" */;
			developmentRegion = en;
			hasScannedForEncodings = 0;
			knownRegions = (
				en,
				Base,
			);
			mainGroup = EB2A38072D5BFCAC00D63975;
			minimizedProjectReferenceProxies = 1;
			preferredProjectObjectVersion = 77;
			productRefGroup = EB2A38112D5BFCAC00D63975 /* Products */;
			projectDirPath = "";
			projectRoot = "";
			targets = (
				EB2A380F2D5BFCAC00D63975 /* Draggable 3D Sphere VisionOS */,
				EB2A38242D5BFCB400D63975 /* Draggable 3D Sphere VisionOSTests */,
			);
		};
/* End PBXProject section */

/* Begin PBXResourcesBuildPhase section */
		EB2A380E2D5BFCAC00D63975 /* Resources */ = {
			isa = PBXResourcesBuildPhase;
			buildActionMask = 2147483647;
			files = (
			);
			runOnlyForDeploymentPostprocessing = 0;
		};
		EB2A38232D5BFCB400D63975 /* Resources */ = {
			isa = PBXResourcesBuildPhase;
			buildActionMask = 2147483647;
			files = (
			);
			runOnlyForDeploymentPostprocessing = 0;
		};
/* End PBXResourcesBuildPhase section */

/* Begin PBXSourcesBuildPhase section */
		EB2A380C2D5BFCAC00D63975 /* Sources */ = {
			isa = PBXSourcesBuildPhase;
			buildActionMask = 2147483647;
			files = (
			);
			runOnlyForDeploymentPostprocessing = 0;
		};
		EB2A38212D5BFCB400D63975 /* Sources */ = {
			isa = PBXSourcesBuildPhase;
			buildActionMask = 2147483647;
			files = (
			);
			runOnlyForDeploymentPostprocessing = 0;
		};
/* End PBXSourcesBuildPhase section */

/* Begin PBXTargetDependency section */
		EB2A38272D5BFCB400D63975 /* PBXTargetDependency */ = {
			isa = PBXTargetDependency;
			target = EB2A380F2D5BFCAC00D63975 /* Draggable 3D Sphere VisionOS */;
			targetProxy = EB2A38262D5BFCB400D63975 /* PBXContainerItemProxy */;
		};
/* End PBXTargetDependency section */

/* Begin XCBuildConfiguration section */
		EB2A382D2D5BFCB400D63975 /* Debug */ = {
			isa = XCBuildConfiguration;
			buildSettings = {
				ASSETCATALOG_COMPILER_APPICON_NAME = AppIcon;
				ASSETCATALOG_COMPILER_GLOBAL_ACCENT_COLOR_NAME = AccentColor;
				CODE_SIGN_STYLE = Automatic;
				CURRENT_PROJECT_VERSION = 1;
				DEVELOPMENT_ASSET_PATHS = "\"Draggable 3D Sphere VisionOS/Preview Content\"";
				ENABLE_PREVIEWS = YES;
				GENERATE_INFOPLIST_FILE = YES;
				INFOPLIST_FILE = "$(TARGET_NAME)/Info.plist";
				LD_RUNPATH_SEARCH_PATHS = (
					"$(inherited)",
					"@executable_path/Frameworks",
				);
				MARKETING_VERSION = 1.0;
				PRODUCT_BUNDLE_IDENTIFIER = "JanSteinhauer.Draggable-3D-Sphere-VisionOS";
				PRODUCT_NAME = "$(TARGET_NAME)";
				SUPPORTED_PLATFORMS = "xros xrsimulator";
				SWIFT_EMIT_LOC_STRINGS = YES;
				SWIFT_VERSION = 5.0;
				TARGETED_DEVICE_FAMILY = 7;
			};
			name = Debug;
		};
		EB2A382E2D5BFCB400D63975 /* Release */ = {
			isa = XCBuildConfiguration;
			buildSettings = {
				ASSETCATALOG_COMPILER_APPICON_NAME = AppIcon;
				ASSETCATALOG_COMPILER_GLOBAL_ACCENT_COLOR_NAME = AccentColor;
				CODE_SIGN_STYLE = Automatic;
				CURRENT_PROJECT_VERSION = 1;
				DEVELOPMENT_ASSET_PATHS = "\"Draggable 3D Sphere VisionOS/Preview Content\"";
				ENABLE_PREVIEWS = YES;
				GENERATE_INFOPLIST_FILE = YES;
				INFOPLIST_FILE = "$(TARGET_NAME)/Info.plist";
				LD_RUNPATH_SEARCH_PATHS = (
					"$(inherited)",
					"@executable_path/Frameworks",
				);
				MARKETING_VERSION = 1.0;
				PRODUCT_BUNDLE_IDENTIFIER = "JanSteinhauer.Draggable-3D-Sphere-VisionOS";
				PRODUCT_NAME = "$(TARGET_NAME)";
				SUPPORTED_PLATFORMS = "xros xrsimulator";
				SWIFT_EMIT_LOC_STRINGS = YES;
				SWIFT_VERSION = 5.0;
				TARGETED_DEVICE_FAMILY = 7;
			};
			name = Release;
		};
		EB2A382F2D5BFCB400D63975 /* Debug */ = {
			isa = XCBuildConfiguration;
			buildSettings = {
				ALWAYS_SEARCH_USER_PATHS = NO;
				ASSETCATALOG_COMPILER_GENERATE_SWIFT_ASSET_SYMBOL_EXTENSIONS = YES;
				CLANG_ANALYZER_NONNULL = YES;
				CLANG_ANALYZER_NUMBER_OBJECT_CONVERSION = YES_AGGRESSIVE;
				CLANG_CXX_LANGUAGE_STANDARD = "gnu++20";
				CLANG_ENABLE_MODULES = YES;
				CLANG_ENABLE_OBJC_ARC = YES;
				CLANG_ENABLE_OBJC_WEAK = YES;
				CLANG_WARN_BLOCK_CAPTURE_AUTORELEASING = YES;
				CLANG_WARN_BOOL_CONVERSION = YES;
				CLANG_WARN_COMMA = YES;
				CLANG_WARN_CONSTANT_CONVERSION = YES;
				CLANG_WARN_DEPRECATED_OBJC_IMPLEMENTATIONS = YES;
				CLANG_WARN_DIRECT_OBJC_ISA_USAGE = YES_ERROR;
				CLANG_WARN_DOCUMENTATION_COMMENTS = YES;
				CLANG_WARN_EMPTY_BODY = YES;
				CLANG_WARN_ENUM_CONVERSION = YES;
				CLANG_WARN_INFINITE_RECURSION = YES;
				CLANG_WARN_INT_CONVERSION = YES;
				CLANG_WARN_NON_LITERAL_NULL_CONVERSION = YES;
				CLANG_WARN_OBJC_IMPLICIT_RETAIN_SELF = YES;
				CLANG_WARN_OBJC_LITERAL_CONVERSION = YES;
				CLANG_WARN_OBJC_ROOT_CLASS = YES_ERROR;
				CLANG_WARN_QUOTED_INCLUDE_IN_FRAMEWORK_HEADER = YES;
				CLANG_WARN_RANGE_LOOP_ANALYSIS = YES;
				CLANG_WARN_STRICT_PROTOTYPES = YES;
				CLANG_WARN_SUSPICIOUS_MOVE = YES;
				CLANG_WARN_UNGUARDED_AVAILABILITY = YES_AGGRESSIVE;
				CLANG_WARN_UNREACHABLE_CODE = YES;
				CLANG_WARN__DUPLICATE_METHOD_MATCH = YES;
				COPY_PHASE_STRIP = NO;
				DEBUG_INFORMATION_FORMAT = dwarf;
				ENABLE_STRICT_OBJC_MSGSEND = YES;
				ENABLE_TESTABILITY = YES;
				ENABLE_USER_SCRIPT_SANDBOXING = YES;
				GCC_C_LANGUAGE_STANDARD = gnu17;
				GCC_DYNAMIC_NO_PIC = NO;
				GCC_NO_COMMON_BLOCKS = YES;
				GCC_OPTIMIZATION_LEVEL = 0;
				GCC_PREPROCESSOR_DEFINITIONS = (
					"DEBUG=1",
					"$(inherited)",
				);
				GCC_WARN_64_TO_32_BIT_CONVERSION = YES;
				GCC_WARN_ABOUT_RETURN_TYPE = YES_ERROR;
				GCC_WARN_UNDECLARED_SELECTOR = YES;
				GCC_WARN_UNINITIALIZED_AUTOS = YES_AGGRESSIVE;
				GCC_WARN_UNUSED_FUNCTION = YES;
				GCC_WARN_UNUSED_VARIABLE = YES;
				LOCALIZATION_PREFERS_STRING_CATALOGS = YES;
				MTL_ENABLE_DEBUG_INFO = INCLUDE_SOURCE;
				MTL_FAST_MATH = YES;
				ONLY_ACTIVE_ARCH = YES;
				SDKROOT = xros;
				SWIFT_ACTIVE_COMPILATION_CONDITIONS = "DEBUG $(inherited)";
				SWIFT_OPTIMIZATION_LEVEL = "-Onone";
				XROS_DEPLOYMENT_TARGET = 2.2;
			};
			name = Debug;
		};
		EB2A38302D5BFCB400D63975 /* Release */ = {
			isa = XCBuildConfiguration;
			buildSettings = {
				ALWAYS_SEARCH_USER_PATHS = NO;
				ASSETCATALOG_COMPILER_GENERATE_SWIFT_ASSET_SYMBOL_EXTENSIONS = YES;
				CLANG_ANALYZER_NONNULL = YES;
				CLANG_ANALYZER_NUMBER_OBJECT_CONVERSION = YES_AGGRESSIVE;
				CLANG_CXX_LANGUAGE_STANDARD = "gnu++20";
				CLANG_ENABLE_MODULES = YES;
				CLANG_ENABLE_OBJC_ARC = YES;
				CLANG_ENABLE_OBJC_WEAK = YES;
				CLANG_WARN_BLOCK_CAPTURE_AUTORELEASING = YES;
				CLANG_WARN_BOOL_CONVERSION = YES;
				CLANG_WARN_COMMA = YES;
				CLANG_WARN_CONSTANT_CONVERSION = YES;
				CLANG_WARN_DEPRECATED_OBJC_IMPLEMENTATIONS = YES;
				CLANG_WARN_DIRECT_OBJC_ISA_USAGE = YES_ERROR;
				CLANG_WARN_DOCUMENTATION_COMMENTS = YES;
				CLANG_WARN_EMPTY_BODY = YES;
				CLANG_WARN_ENUM_CONVERSION = YES;
				CLANG_WARN_INFINITE_RECURSION = YES;
				CLANG_WARN_INT_CONVERSION = YES;
				CLANG_WARN_NON_LITERAL_NULL_CONVERSION = YES;
				CLANG_WARN_OBJC_IMPLICIT_RETAIN_SELF = YES;
				CLANG_WARN_OBJC_LITERAL_CONVERSION = YES;
				CLANG_WARN_OBJC_ROOT_CLASS = YES_ERROR;
				CLANG_WARN_QUOTED_INCLUDE_IN_FRAMEWORK_HEADER = YES;
				CLANG_WARN_RANGE_LOOP_ANALYSIS = YES;
				CLANG_WARN_STRICT_PROTOTYPES = YES;
				CLANG_WARN_SUSPICIOUS_MOVE = YES;
				CLANG_WARN_UNGUARDED_AVAILABILITY = YES_AGGRESSIVE;
				CLANG_WARN_UNREACHABLE_CODE = YES;
				CLANG_WARN__DUPLICATE_METHOD_MATCH = YES;
				COPY_PHASE_STRIP = NO;
				DEBUG_INFORMATION_FORMAT = "dwarf-with-dsym";
				ENABLE_NS_ASSERTIONS = NO;
				ENABLE_STRICT_OBJC_MSGSEND = YES;
				ENABLE_USER_SCRIPT_SANDBOXING = YES;
				GCC_C_LANGUAGE_STANDARD = gnu17;
				GCC_NO_COMMON_BLOCKS = YES;
				GCC_WARN_64_TO_32_BIT_CONVERSION = YES;
				GCC_WARN_ABOUT_RETURN_TYPE = YES_ERROR;
				GCC_WARN_UNDECLARED_SELECTOR = YES;
				GCC_WARN_UNINITIALIZED_AUTOS = YES_AGGRESSIVE;
				GCC_WARN_UNUSED_FUNCTION = YES;
				GCC_WARN_UNUSED_VARIABLE = YES;
				LOCALIZATION_PREFERS_STRING_CATALOGS = YES;
				MTL_ENABLE_DEBUG_INFO = NO;
				MTL_FAST_MATH = YES;
				SDKROOT = xros;
				SWIFT_COMPILATION_MODE = wholemodule;
				VALIDATE_PRODUCT = YES;
				XROS_DEPLOYMENT_TARGET = 2.2;
			};
			name = Release;
		};
		EB2A38322D5BFCB400D63975 /* Debug */ = {
			isa = XCBuildConfiguration;
			buildSettings = {
				BUNDLE_LOADER = "$(TEST_HOST)";
				CODE_SIGN_STYLE = Automatic;
				CURRENT_PROJECT_VERSION = 1;
				GENERATE_INFOPLIST_FILE = YES;
				MARKETING_VERSION = 1.0;
				PRODUCT_BUNDLE_IDENTIFIER = "JanSteinhauer.Draggable-3D-Sphere-VisionOSTests";
				PRODUCT_NAME = "$(TARGET_NAME)";
				SUPPORTED_PLATFORMS = "xros xrsimulator";
				SWIFT_EMIT_LOC_STRINGS = NO;
				SWIFT_VERSION = 5.0;
				TARGETED_DEVICE_FAMILY = 7;
				TEST_HOST = "$(BUILT_PRODUCTS_DIR)/Draggable 3D Sphere VisionOS.app/$(BUNDLE_EXECUTABLE_FOLDER_PATH)/Draggable 3D Sphere VisionOS";
				XROS_DEPLOYMENT_TARGET = 2.2;
			};
			name = Debug;
		};
		EB2A38332D5BFCB400D63975 /* Release */ = {
			isa = XCBuildConfiguration;
			buildSettings = {
				BUNDLE_LOADER = "$(TEST_HOST)";
				CODE_SIGN_STYLE = Automatic;
				CURRENT_PROJECT_VERSION = 1;
				GENERATE_INFOPLIST_FILE = YES;
				MARKETING_VERSION = 1.0;
				PRODUCT_BUNDLE_IDENTIFIER = "JanSteinhauer.Draggable-3D-Sphere-VisionOSTests";
				PRODUCT_NAME = "$(TARGET_NAME)";
				SUPPORTED_PLATFORMS = "xros xrsimulator";
				SWIFT_EMIT_LOC_STRINGS = NO;
				SWIFT_VERSION = 5.0;
				TARGETED_DEVICE_FAMILY = 7;
				TEST_HOST = "$(BUILT_PRODUCTS_DIR)/Draggable 3D Sphere VisionOS.app/$(BUNDLE_EXECUTABLE_FOLDER_PATH)/Draggable 3D Sphere VisionOS";
				XROS_DEPLOYMENT_TARGET = 2.2;
			};
			name = Release;
		};
/* End XCBuildConfiguration section */

/* Begin XCConfigurationList section */
		EB2A380B2D5BFCAC00D63975 /* Build configuration list for PBXProject "Draggable 3D Sphere VisionOS" */ = {
			isa = XCConfigurationList;
			buildConfigurations = (
				EB2A382F2D5BFCB400D63975 /* Debug */,
				EB2A38302D5BFCB400D63975 /* Release */,
			);
			defaultConfigurationIsVisible = 0;
			defaultConfigurationName = Release;
		};
		EB2A382C2D5BFCB400D63975 /* Build configuration list for PBXNativeTarget "Draggable 3D Sphere VisionOS" */ = {
			isa = XCConfigurationList;
			buildConfigurations = (
				EB2A382D2D5BFCB400D63975 /* Debug */,
				EB2A382E2D5BFCB400D63975 /* Release */,
			);
			defaultConfigurationIsVisible = 0;
			defaultConfigurationName = Release;
		};
		EB2A38312D5BFCB400D63975 /* Build configuration list for PBXNativeTarget "Draggable 3D Sphere VisionOSTests" */ = {
			isa = XCConfigurationList;
			buildConfigurations = (
				EB2A38322D5BFCB400D63975 /* Debug */,
				EB2A38332D5BFCB400D63975 /* Release */,
			);
			defaultConfigurationIsVisible = 0;
			defaultConfigurationName = Release;
		};
/* End XCConfigurationList section */

/* Begin XCSwiftPackageProductDependency section */
		EB2A38152D5BFCAC00D63975 /* RealityKitContent */ = {
			isa = XCSwiftPackageProductDependency;
			productName = RealityKitContent;
		};
/* End XCSwiftPackageProductDependency section */
	};
	rootObject = EB2A38082D5BFCAC00D63975 /* Project object */;
}
